
Microsoft Visual Studio Solution File, Format Version 12.00
# Visual Studio 2013
VisualStudioVersion = 12.0.30501.0
MinimumVisualStudioVersion = 10.0.40219.1
Project("{8BC9CEB8-8B4A-11D0-8D11-00A0C91BC942}") = "Sieve", "Sieve\Sieve.vcxproj", "{7CBC017E-1C87-4553-BF77-A3C9A8BD6C63}"
EndProject
Project("{8BC9CEB8-8B4A-11D0-8D11-00A0C91BC942}") = "ONPTransformTheExpression", "ONPTransformTheExpression\ONPTransformTheExpression.vcxproj", "{E37F1E45-CF9C-463C-BC70-EEA288DE56E4}"
EndProject
Global
	GlobalSection(SolutionConfigurationPlatforms) = preSolution
		Debug|Win32 = Debug|Win32
		Release|Win32 = Release|Win32
	EndGlobalSection
	GlobalSection(ProjectConfigurationPlatforms) = postSolution
		{7CBC017E-1C87-4553-BF77-A3C9A8BD6C63}.Debug|Win32.ActiveCfg = Debug|Win32
		{7CBC017E-1C87-4553-BF77-A3C9A8BD6C63}.Debug|Win32.Build.0 = Debug|Win32
		{7CBC017E-1C87-4553-BF77-A3C9A8BD6C63}.Release|Win32.ActiveCfg = Release|Win32
		{7CBC017E-1C87-4553-BF77-A3C9A8BD6C63}.Release|Win32.Build.0 = Release|Win32
		{E37F1E45-CF9C-463C-BC70-EEA288DE56E4}.Debug|Win32.ActiveCfg = Debug|Win32
		{E37F1E45-CF9C-463C-BC70-EEA288DE56E4}.Debug|Win32.Build.0 = Debug|Win32
		{E37F1E45-CF9C-463C-BC70-EEA288DE56E4}.Release|Win32.ActiveCfg = Release|Win32
		{E37F1E45-CF9C-463C-BC70-EEA288DE56E4}.Release|Win32.Build.0 = Release|Win32
	EndGlobalSection
	GlobalSection(SolutionProperties) = preSolution
		HideSolutionNode = FALSE
	EndGlobalSection
EndGlobal
