
Microsoft Visual Studio Solution File, Format Version 12.00
# Visual Studio 14
VisualStudioVersion = 14.0.25420.1
MinimumVisualStudioVersion = 10.0.40219.1
Project("{8BC9CEB8-8B4A-11D0-8D11-00A0C91BC942}") = "Sieve", "Sieve\Sieve.vcxproj", "{7CBC017E-1C87-4553-BF77-A3C9A8BD6C63}"
EndProject
Project("{8BC9CEB8-8B4A-11D0-8D11-00A0C91BC942}") = "ONPTransformTheExpression", "ONPTransformTheExpression\ONPTransformTheExpression.vcxproj", "{E37F1E45-CF9C-463C-BC70-EEA288DE56E4}"
EndProject
Project("{8BC9CEB8-8B4A-11D0-8D11-00A0C91BC942}") = "NPOWMGarden", "NPOWMGarden\NPOWMGarden.vcxproj", "{978FD2DA-B2E9-4D9E-B435-565CFE90EF74}"
EndProject
Project("{8BC9CEB8-8B4A-11D0-8D11-00A0C91BC942}") = "FOUROWFourInARow", "FOUROWFourInARow\FOUROWFourInARow.vcxproj", "{3A09A1CB-4B16-4863-8020-0E067269829E}"
EndProject
Project("{8BC9CEB8-8B4A-11D0-8D11-00A0C91BC942}") = "PT07YIsItATree", "PT07YIsItATree\PT07YIsItATree.vcxproj", "{5D3520CB-E9F0-4BEB-B741-E911242A03D5}"
EndProject
Project("{8BC9CEB8-8B4A-11D0-8D11-00A0C91BC942}") = "BITMAPBitmap", "BITMAPBitmap\BITMAPBitmap.vcxproj", "{4BCED287-8133-474D-B1C3-C2A096DECAFF}"
EndProject
Project("{8BC9CEB8-8B4A-11D0-8D11-00A0C91BC942}") = "BOMARBLEPlayingWithMarbles", "BOMARBLEPlayingWithMarbles\BOMARBLEPlayingWithMarbles.vcxproj", "{3602D9BA-8854-4F99-A2F8-F93EA92702B5}"
EndProject
Project("{8BC9CEB8-8B4A-11D0-8D11-00A0C91BC942}") = "CHICAGO106MilesToChicago", "CHICAGO106MilesToChicago\CHICAGO106MilesToChicago.vcxproj", "{37795EAF-6937-4080-93F3-29B28564B030}"
EndProject
Project("{8BC9CEB8-8B4A-11D0-8D11-00A0C91BC942}") = "JAVACJavaVsCpp", "JAVACJavaVsCpp\JAVACJavaVsCpp.vcxproj", "{D9A0BDB7-E9E2-4E5C-9B03-07CC4A257704}"
EndProject
Project("{8BC9CEB8-8B4A-11D0-8D11-00A0C91BC942}") = "STPARStreetParade", "STPARStreetParade\STPARStreetParade.vcxproj", "{5BCB770C-8AA6-4D56-8D38-7529B09C02A1}"
EndProject
Project("{8BC9CEB8-8B4A-11D0-8D11-00A0C91BC942}") = "SHPATHTheShortestPath", "SHPATHTheShortestPath\SHPATHTheShortestPath.vcxproj", "{CCB7EA26-D2AE-4B6C-BE9B-EA406ED24E5A}"
EndProject
Project("{8BC9CEB8-8B4A-11D0-8D11-00A0C91BC942}") = "PALINTheNextPalindrome", "PALINTheNextPalindrome\PALINTheNextPalindrome.vcxproj", "{13853B01-E3F3-42CC-B2BF-C3A831F53B2E}"
EndProject
Project("{8BC9CEB8-8B4A-11D0-8D11-00A0C91BC942}") = "EC_CONBEvenNumbers", "EC_CONBEvenNumbers\EC_CONBEvenNumbers.vcxproj", "{DC8B85E8-B8BC-40DD-A9D6-CAB58230B612}"
EndProject
Project("{8BC9CEB8-8B4A-11D0-8D11-00A0C91BC942}") = "FACEFRNDFriendsOfFriends", "FACEFRNDFriendsOfFriends\FACEFRNDFriendsOfFriends.vcxproj", "{707EDB85-BCA1-4B8B-8F5E-64C9D4F28DC7}"
EndProject
Project("{8BC9CEB8-8B4A-11D0-8D11-00A0C91BC942}") = "FARIDAPrincessFarida", "FARIDAPrincessFarida\FARIDAPrincessFarida.vcxproj", "{EDD65032-0E3C-4A88-BF5C-4586D454726E}"
EndProject
Project("{8BC9CEB8-8B4A-11D0-8D11-00A0C91BC942}") = "EDISTEditDistance", "EDISTEditDistance\EDISTEditDistance.vcxproj", "{924A54DA-32C9-49BF-AC74-AF3983342E4C}"
EndProject
Project("{8BC9CEB8-8B4A-11D0-8D11-00A0C91BC942}") = "SAMER08FFeynman", "SAMER08FFeynman\SAMER08FFeynman.vcxproj", "{516A7CE1-B99B-4CB9-9916-EBEAA8D9C6DE}"
EndProject
Project("{8BC9CEB8-8B4A-11D0-8D11-00A0C91BC942}") = "BABTWRTowerOfBabylon", "BABTWRTowerOfBabylon\BABTWRTowerOfBabylon.vcxproj", "{8EE8A7D6-417A-4817-BB0C-A4E3612D4215}"
EndProject
Project("{8BC9CEB8-8B4A-11D0-8D11-00A0C91BC942}") = "HOTELSHotelsAlongTheCroatianCoast", "HOTELSHotelsAlongTheCroatianCoast\HOTELSHotelsAlongTheCroatianCoast.vcxproj", "{9737ACF5-4577-4F07-A77A-733DD165A0F6}"
EndProject
Project("{8BC9CEB8-8B4A-11D0-8D11-00A0C91BC942}") = "TWENDSTwoEnds", "TWENDSTwoEnds\TWENDSTwoEnds.vcxproj", "{8AA6B718-95EE-448F-BA44-2FF49B276965}"
EndProject
Global
	GlobalSection(SolutionConfigurationPlatforms) = preSolution
		Debug|Win32 = Debug|Win32
		Debug|x64 = Debug|x64
		Release|Win32 = Release|Win32
		Release|x64 = Release|x64
	EndGlobalSection
	GlobalSection(ProjectConfigurationPlatforms) = postSolution
		{7CBC017E-1C87-4553-BF77-A3C9A8BD6C63}.Debug|Win32.ActiveCfg = Debug|Win32
		{7CBC017E-1C87-4553-BF77-A3C9A8BD6C63}.Debug|Win32.Build.0 = Debug|Win32
		{7CBC017E-1C87-4553-BF77-A3C9A8BD6C63}.Debug|x64.ActiveCfg = Debug|Win32
		{7CBC017E-1C87-4553-BF77-A3C9A8BD6C63}.Release|Win32.ActiveCfg = Release|Win32
		{7CBC017E-1C87-4553-BF77-A3C9A8BD6C63}.Release|Win32.Build.0 = Release|Win32
		{7CBC017E-1C87-4553-BF77-A3C9A8BD6C63}.Release|x64.ActiveCfg = Release|Win32
		{E37F1E45-CF9C-463C-BC70-EEA288DE56E4}.Debug|Win32.ActiveCfg = Debug|Win32
		{E37F1E45-CF9C-463C-BC70-EEA288DE56E4}.Debug|Win32.Build.0 = Debug|Win32
		{E37F1E45-CF9C-463C-BC70-EEA288DE56E4}.Debug|x64.ActiveCfg = Debug|Win32
		{E37F1E45-CF9C-463C-BC70-EEA288DE56E4}.Release|Win32.ActiveCfg = Release|Win32
		{E37F1E45-CF9C-463C-BC70-EEA288DE56E4}.Release|Win32.Build.0 = Release|Win32
		{E37F1E45-CF9C-463C-BC70-EEA288DE56E4}.Release|x64.ActiveCfg = Release|Win32
		{978FD2DA-B2E9-4D9E-B435-565CFE90EF74}.Debug|Win32.ActiveCfg = Debug|Win32
		{978FD2DA-B2E9-4D9E-B435-565CFE90EF74}.Debug|Win32.Build.0 = Debug|Win32
		{978FD2DA-B2E9-4D9E-B435-565CFE90EF74}.Debug|x64.ActiveCfg = Debug|Win32
		{978FD2DA-B2E9-4D9E-B435-565CFE90EF74}.Release|Win32.ActiveCfg = Release|Win32
		{978FD2DA-B2E9-4D9E-B435-565CFE90EF74}.Release|Win32.Build.0 = Release|Win32
		{978FD2DA-B2E9-4D9E-B435-565CFE90EF74}.Release|x64.ActiveCfg = Release|Win32
		{3A09A1CB-4B16-4863-8020-0E067269829E}.Debug|Win32.ActiveCfg = Debug|Win32
		{3A09A1CB-4B16-4863-8020-0E067269829E}.Debug|Win32.Build.0 = Debug|Win32
		{3A09A1CB-4B16-4863-8020-0E067269829E}.Debug|x64.ActiveCfg = Debug|Win32
		{3A09A1CB-4B16-4863-8020-0E067269829E}.Release|Win32.ActiveCfg = Release|Win32
		{3A09A1CB-4B16-4863-8020-0E067269829E}.Release|Win32.Build.0 = Release|Win32
		{3A09A1CB-4B16-4863-8020-0E067269829E}.Release|x64.ActiveCfg = Release|Win32
		{5D3520CB-E9F0-4BEB-B741-E911242A03D5}.Debug|Win32.ActiveCfg = Debug|Win32
		{5D3520CB-E9F0-4BEB-B741-E911242A03D5}.Debug|Win32.Build.0 = Debug|Win32
		{5D3520CB-E9F0-4BEB-B741-E911242A03D5}.Debug|x64.ActiveCfg = Debug|Win32
		{5D3520CB-E9F0-4BEB-B741-E911242A03D5}.Release|Win32.ActiveCfg = Release|Win32
		{5D3520CB-E9F0-4BEB-B741-E911242A03D5}.Release|Win32.Build.0 = Release|Win32
		{5D3520CB-E9F0-4BEB-B741-E911242A03D5}.Release|x64.ActiveCfg = Release|Win32
		{4BCED287-8133-474D-B1C3-C2A096DECAFF}.Debug|Win32.ActiveCfg = Debug|Win32
		{4BCED287-8133-474D-B1C3-C2A096DECAFF}.Debug|Win32.Build.0 = Debug|Win32
		{4BCED287-8133-474D-B1C3-C2A096DECAFF}.Debug|x64.ActiveCfg = Debug|Win32
		{4BCED287-8133-474D-B1C3-C2A096DECAFF}.Release|Win32.ActiveCfg = Release|Win32
		{4BCED287-8133-474D-B1C3-C2A096DECAFF}.Release|Win32.Build.0 = Release|Win32
		{4BCED287-8133-474D-B1C3-C2A096DECAFF}.Release|x64.ActiveCfg = Release|Win32
		{3602D9BA-8854-4F99-A2F8-F93EA92702B5}.Debug|Win32.ActiveCfg = Debug|Win32
		{3602D9BA-8854-4F99-A2F8-F93EA92702B5}.Debug|Win32.Build.0 = Debug|Win32
		{3602D9BA-8854-4F99-A2F8-F93EA92702B5}.Debug|x64.ActiveCfg = Debug|Win32
		{3602D9BA-8854-4F99-A2F8-F93EA92702B5}.Release|Win32.ActiveCfg = Release|Win32
		{3602D9BA-8854-4F99-A2F8-F93EA92702B5}.Release|Win32.Build.0 = Release|Win32
		{3602D9BA-8854-4F99-A2F8-F93EA92702B5}.Release|x64.ActiveCfg = Release|Win32
		{37795EAF-6937-4080-93F3-29B28564B030}.Debug|Win32.ActiveCfg = Debug|Win32
		{37795EAF-6937-4080-93F3-29B28564B030}.Debug|Win32.Build.0 = Debug|Win32
		{37795EAF-6937-4080-93F3-29B28564B030}.Debug|x64.ActiveCfg = Debug|Win32
		{37795EAF-6937-4080-93F3-29B28564B030}.Release|Win32.ActiveCfg = Release|Win32
		{37795EAF-6937-4080-93F3-29B28564B030}.Release|Win32.Build.0 = Release|Win32
		{37795EAF-6937-4080-93F3-29B28564B030}.Release|x64.ActiveCfg = Release|Win32
		{D9A0BDB7-E9E2-4E5C-9B03-07CC4A257704}.Debug|Win32.ActiveCfg = Debug|Win32
		{D9A0BDB7-E9E2-4E5C-9B03-07CC4A257704}.Debug|Win32.Build.0 = Debug|Win32
		{D9A0BDB7-E9E2-4E5C-9B03-07CC4A257704}.Debug|x64.ActiveCfg = Debug|Win32
		{D9A0BDB7-E9E2-4E5C-9B03-07CC4A257704}.Release|Win32.ActiveCfg = Release|Win32
		{D9A0BDB7-E9E2-4E5C-9B03-07CC4A257704}.Release|Win32.Build.0 = Release|Win32
		{D9A0BDB7-E9E2-4E5C-9B03-07CC4A257704}.Release|x64.ActiveCfg = Release|Win32
		{5BCB770C-8AA6-4D56-8D38-7529B09C02A1}.Debug|Win32.ActiveCfg = Debug|Win32
		{5BCB770C-8AA6-4D56-8D38-7529B09C02A1}.Debug|Win32.Build.0 = Debug|Win32
		{5BCB770C-8AA6-4D56-8D38-7529B09C02A1}.Debug|x64.ActiveCfg = Debug|Win32
		{5BCB770C-8AA6-4D56-8D38-7529B09C02A1}.Release|Win32.ActiveCfg = Release|Win32
		{5BCB770C-8AA6-4D56-8D38-7529B09C02A1}.Release|Win32.Build.0 = Release|Win32
		{5BCB770C-8AA6-4D56-8D38-7529B09C02A1}.Release|x64.ActiveCfg = Release|Win32
		{CCB7EA26-D2AE-4B6C-BE9B-EA406ED24E5A}.Debug|Win32.ActiveCfg = Debug|Win32
		{CCB7EA26-D2AE-4B6C-BE9B-EA406ED24E5A}.Debug|Win32.Build.0 = Debug|Win32
		{CCB7EA26-D2AE-4B6C-BE9B-EA406ED24E5A}.Debug|x64.ActiveCfg = Debug|Win32
		{CCB7EA26-D2AE-4B6C-BE9B-EA406ED24E5A}.Release|Win32.ActiveCfg = Release|Win32
		{CCB7EA26-D2AE-4B6C-BE9B-EA406ED24E5A}.Release|Win32.Build.0 = Release|Win32
		{CCB7EA26-D2AE-4B6C-BE9B-EA406ED24E5A}.Release|x64.ActiveCfg = Release|Win32
		{13853B01-E3F3-42CC-B2BF-C3A831F53B2E}.Debug|Win32.ActiveCfg = Debug|Win32
		{13853B01-E3F3-42CC-B2BF-C3A831F53B2E}.Debug|Win32.Build.0 = Debug|Win32
		{13853B01-E3F3-42CC-B2BF-C3A831F53B2E}.Debug|x64.ActiveCfg = Debug|Win32
		{13853B01-E3F3-42CC-B2BF-C3A831F53B2E}.Release|Win32.ActiveCfg = Release|Win32
		{13853B01-E3F3-42CC-B2BF-C3A831F53B2E}.Release|Win32.Build.0 = Release|Win32
		{13853B01-E3F3-42CC-B2BF-C3A831F53B2E}.Release|x64.ActiveCfg = Release|Win32
		{DC8B85E8-B8BC-40DD-A9D6-CAB58230B612}.Debug|Win32.ActiveCfg = Debug|Win32
		{DC8B85E8-B8BC-40DD-A9D6-CAB58230B612}.Debug|Win32.Build.0 = Debug|Win32
		{DC8B85E8-B8BC-40DD-A9D6-CAB58230B612}.Debug|x64.ActiveCfg = Debug|Win32
		{DC8B85E8-B8BC-40DD-A9D6-CAB58230B612}.Release|Win32.ActiveCfg = Release|Win32
		{DC8B85E8-B8BC-40DD-A9D6-CAB58230B612}.Release|Win32.Build.0 = Release|Win32
		{DC8B85E8-B8BC-40DD-A9D6-CAB58230B612}.Release|x64.ActiveCfg = Release|Win32
		{707EDB85-BCA1-4B8B-8F5E-64C9D4F28DC7}.Debug|Win32.ActiveCfg = Debug|Win32
		{707EDB85-BCA1-4B8B-8F5E-64C9D4F28DC7}.Debug|Win32.Build.0 = Debug|Win32
		{707EDB85-BCA1-4B8B-8F5E-64C9D4F28DC7}.Debug|x64.ActiveCfg = Debug|Win32
		{707EDB85-BCA1-4B8B-8F5E-64C9D4F28DC7}.Release|Win32.ActiveCfg = Release|Win32
		{707EDB85-BCA1-4B8B-8F5E-64C9D4F28DC7}.Release|Win32.Build.0 = Release|Win32
		{707EDB85-BCA1-4B8B-8F5E-64C9D4F28DC7}.Release|x64.ActiveCfg = Release|Win32
		{EDD65032-0E3C-4A88-BF5C-4586D454726E}.Debug|Win32.ActiveCfg = Debug|Win32
		{EDD65032-0E3C-4A88-BF5C-4586D454726E}.Debug|Win32.Build.0 = Debug|Win32
		{EDD65032-0E3C-4A88-BF5C-4586D454726E}.Debug|x64.ActiveCfg = Debug|Win32
		{EDD65032-0E3C-4A88-BF5C-4586D454726E}.Release|Win32.ActiveCfg = Release|Win32
		{EDD65032-0E3C-4A88-BF5C-4586D454726E}.Release|Win32.Build.0 = Release|Win32
		{EDD65032-0E3C-4A88-BF5C-4586D454726E}.Release|x64.ActiveCfg = Release|Win32
		{924A54DA-32C9-49BF-AC74-AF3983342E4C}.Debug|Win32.ActiveCfg = Debug|Win32
		{924A54DA-32C9-49BF-AC74-AF3983342E4C}.Debug|Win32.Build.0 = Debug|Win32
		{924A54DA-32C9-49BF-AC74-AF3983342E4C}.Debug|x64.ActiveCfg = Debug|x64
		{924A54DA-32C9-49BF-AC74-AF3983342E4C}.Debug|x64.Build.0 = Debug|x64
		{924A54DA-32C9-49BF-AC74-AF3983342E4C}.Release|Win32.ActiveCfg = Release|Win32
		{924A54DA-32C9-49BF-AC74-AF3983342E4C}.Release|Win32.Build.0 = Release|Win32
		{924A54DA-32C9-49BF-AC74-AF3983342E4C}.Release|x64.ActiveCfg = Release|x64
		{924A54DA-32C9-49BF-AC74-AF3983342E4C}.Release|x64.Build.0 = Release|x64
		{516A7CE1-B99B-4CB9-9916-EBEAA8D9C6DE}.Debug|Win32.ActiveCfg = Debug|Win32
		{516A7CE1-B99B-4CB9-9916-EBEAA8D9C6DE}.Debug|Win32.Build.0 = Debug|Win32
		{516A7CE1-B99B-4CB9-9916-EBEAA8D9C6DE}.Debug|x64.ActiveCfg = Debug|x64
		{516A7CE1-B99B-4CB9-9916-EBEAA8D9C6DE}.Debug|x64.Build.0 = Debug|x64
		{516A7CE1-B99B-4CB9-9916-EBEAA8D9C6DE}.Release|Win32.ActiveCfg = Release|Win32
		{516A7CE1-B99B-4CB9-9916-EBEAA8D9C6DE}.Release|Win32.Build.0 = Release|Win32
		{516A7CE1-B99B-4CB9-9916-EBEAA8D9C6DE}.Release|x64.ActiveCfg = Release|x64
		{516A7CE1-B99B-4CB9-9916-EBEAA8D9C6DE}.Release|x64.Build.0 = Release|x64
		{8EE8A7D6-417A-4817-BB0C-A4E3612D4215}.Debug|Win32.ActiveCfg = Debug|Win32
		{8EE8A7D6-417A-4817-BB0C-A4E3612D4215}.Debug|Win32.Build.0 = Debug|Win32
		{8EE8A7D6-417A-4817-BB0C-A4E3612D4215}.Debug|x64.ActiveCfg = Debug|x64
		{8EE8A7D6-417A-4817-BB0C-A4E3612D4215}.Debug|x64.Build.0 = Debug|x64
		{8EE8A7D6-417A-4817-BB0C-A4E3612D4215}.Release|Win32.ActiveCfg = Release|Win32
		{8EE8A7D6-417A-4817-BB0C-A4E3612D4215}.Release|Win32.Build.0 = Release|Win32
		{8EE8A7D6-417A-4817-BB0C-A4E3612D4215}.Release|x64.ActiveCfg = Release|x64
		{8EE8A7D6-417A-4817-BB0C-A4E3612D4215}.Release|x64.Build.0 = Release|x64
		{9737ACF5-4577-4F07-A77A-733DD165A0F6}.Debug|Win32.ActiveCfg = Debug|Win32
		{9737ACF5-4577-4F07-A77A-733DD165A0F6}.Debug|Win32.Build.0 = Debug|Win32
		{9737ACF5-4577-4F07-A77A-733DD165A0F6}.Debug|x64.ActiveCfg = Debug|x64
		{9737ACF5-4577-4F07-A77A-733DD165A0F6}.Debug|x64.Build.0 = Debug|x64
		{9737ACF5-4577-4F07-A77A-733DD165A0F6}.Release|Win32.ActiveCfg = Release|Win32
		{9737ACF5-4577-4F07-A77A-733DD165A0F6}.Release|Win32.Build.0 = Release|Win32
		{9737ACF5-4577-4F07-A77A-733DD165A0F6}.Release|x64.ActiveCfg = Release|x64
		{9737ACF5-4577-4F07-A77A-733DD165A0F6}.Release|x64.Build.0 = Release|x64
		{8AA6B718-95EE-448F-BA44-2FF49B276965}.Debug|Win32.ActiveCfg = Debug|Win32
		{8AA6B718-95EE-448F-BA44-2FF49B276965}.Debug|Win32.Build.0 = Debug|Win32
		{8AA6B718-95EE-448F-BA44-2FF49B276965}.Debug|x64.ActiveCfg = Debug|x64
		{8AA6B718-95EE-448F-BA44-2FF49B276965}.Debug|x64.Build.0 = Debug|x64
		{8AA6B718-95EE-448F-BA44-2FF49B276965}.Release|Win32.ActiveCfg = Release|Win32
		{8AA6B718-95EE-448F-BA44-2FF49B276965}.Release|Win32.Build.0 = Release|Win32
		{8AA6B718-95EE-448F-BA44-2FF49B276965}.Release|x64.ActiveCfg = Release|x64
		{8AA6B718-95EE-448F-BA44-2FF49B276965}.Release|x64.Build.0 = Release|x64
	EndGlobalSection
	GlobalSection(SolutionProperties) = preSolution
		HideSolutionNode = FALSE
	EndGlobalSection
EndGlobal
